lockfileVersion: 5.3

specifiers:
  tweetnacl: ^1.0.3
  tweetnacl-util: ^0.15.1

dependencies:
  tweetnacl: 1.0.3
  tweetnacl-util: 0.15.1

packages:

  /tweetnacl-util/0.15.1:
    resolution: {integrity: sha512-RKJBIj8lySrShN4w6i/BonWp2Z/uxwC3h4y7xsRrpP59ZboCd0GpEVsOnMDYLMmKBpYhb5TgHzZXy7wTfYFBRw==}
    dev: false

  /tweetnacl/1.0.3:
    resolution: {integrity: sha512-6rt+RN7aOi1nGMyC4Xa5DdYiukl2UWCbcJft7YhxReBGQD7OAM8Pbxw6YMo4r2diNEA8FEmu32YOn9rhaiE5yw==}
    dev: false
